// !$*UTF8*$!
{
	archiveVersion = 1;
	classes = {
	};
	objectVersion = 46;
	objects = {

/* Begin PBXBuildFile section */
		054B68E3173F4C400030516D /* HomeViewController.xib in Resources */ = {isa = PBXBuildFile; fileRef = 054B68E2173F4C400030516D /* HomeViewController.xib */; };
		054B68E5173F4D360030516D /* MapKit.framework in Frameworks */ = {isa = PBXBuildFile; fileRef = 054B68E4173F4D360030516D /* MapKit.framework */; };
		059996A8173F44D5001CD5BB /* UIKit.framework in Frameworks */ = {isa = PBXBuildFile; fileRef = 059996A7173F44D5001CD5BB /* UIKit.framework */; };
		059996AA173F44D5001CD5BB /* Foundation.framework in Frameworks */ = {isa = PBXBuildFile; fileRef = 059996A9173F44D5001CD5BB /* Foundation.framework */; };
		059996AC173F44D5001CD5BB /* CoreGraphics.framework in Frameworks */ = {isa = PBXBuildFile; fileRef = 059996AB173F44D5001CD5BB /* CoreGraphics.framework */; };
		059996B2173F44D5001CD5BB /* InfoPlist.strings in Resources */ = {isa = PBXBuildFile; fileRef = 059996B0173F44D5001CD5BB /* InfoPlist.strings */; };
		059996B4173F44D5001CD5BB /* main.m in Sources */ = {isa = PBXBuildFile; fileRef = 059996B3173F44D5001CD5BB /* main.m */; };
		059996B8173F44D5001CD5BB /* AppDelegate.m in Sources */ = {isa = PBXBuildFile; fileRef = 059996B7173F44D5001CD5BB /* AppDelegate.m */; };
		059996BA173F44D5001CD5BB /* Default.png in Resources */ = {isa = PBXBuildFile; fileRef = 059996B9173F44D5001CD5BB /* Default.png */; };
		059996BC173F44D5001CD5BB /* Default@2x.png in Resources */ = {isa = PBXBuildFile; fileRef = 059996BB173F44D5001CD5BB /* Default@2x.png */; };
		059996BE173F44D5001CD5BB /* Default-568h@2x.png in Resources */ = {isa = PBXBuildFile; fileRef = 059996BD173F44D5001CD5BB /* Default-568h@2x.png */; };
		059996D5173F486A001CD5BB /* DriverDetailViewController.m in Sources */ = {isa = PBXBuildFile; fileRef = 059996CE173F486A001CD5BB /* DriverDetailViewController.m */; };
		059996D6173F486A001CD5BB /* DriverDetailViewController.xib in Resources */ = {isa = PBXBuildFile; fileRef = 059996CF173F486A001CD5BB /* DriverDetailViewController.xib */; };
		059996D7173F486A001CD5BB /* DriverRideModel.m in Sources */ = {isa = PBXBuildFile; fileRef = 059996D1173F486A001CD5BB /* DriverRideModel.m */; };
		059996D8173F486A001CD5BB /* DriverViewController.m in Sources */ = {isa = PBXBuildFile; fileRef = 059996D3173F486A001CD5BB /* DriverViewController.m */; };
		059996D9173F486A001CD5BB /* DriverViewController.xib in Resources */ = {isa = PBXBuildFile; fileRef = 059996D4173F486A001CD5BB /* DriverViewController.xib */; };
		059996E7173F48A8001CD5BB /* HomeViewController.m in Sources */ = {isa = PBXBuildFile; fileRef = 059996DB173F48A7001CD5BB /* HomeViewController.m */; };
		059996E8173F48A8001CD5BB /* OnthegoViewController.m in Sources */ = {isa = PBXBuildFile; fileRef = 059996DD173F48A7001CD5BB /* OnthegoViewController.m */; };
		059996E9173F48A8001CD5BB /* OnthegoViewController.xib in Resources */ = {isa = PBXBuildFile; fileRef = 059996DE173F48A7001CD5BB /* OnthegoViewController.xib */; };
		059996EA173F48A8001CD5BB /* RideEventModel.m in Sources */ = {isa = PBXBuildFile; fileRef = 059996E0173F48A7001CD5BB /* RideEventModel.m */; };
		059996EB173F48A8001CD5BB /* RideEventTableViewCell.m in Sources */ = {isa = PBXBuildFile; fileRef = 059996E2173F48A7001CD5BB /* RideEventTableViewCell.m */; };
		059996EC173F48A8001CD5BB /* RideEventTableViewCell.xib in Resources */ = {isa = PBXBuildFile; fileRef = 059996E3173F48A7001CD5BB /* RideEventTableViewCell.xib */; };
		059996ED173F48A8001CD5BB /* RoutesViewController.m in Sources */ = {isa = PBXBuildFile; fileRef = 059996E5173F48A7001CD5BB /* RoutesViewController.m */; };
		059996EE173F48A8001CD5BB /* RoutesViewController.xib in Resources */ = {isa = PBXBuildFile; fileRef = 059996E6173F48A8001CD5BB /* RoutesViewController.xib */; };
		8599C5D7173F82B200972DAB /* AFHTTPClient.m in Sources */ = {isa = PBXBuildFile; fileRef = 8599C5C5173F82B200972DAB /* AFHTTPClient.m */; };
		8599C5D8173F82B200972DAB /* AFHTTPRequestOperation.m in Sources */ = {isa = PBXBuildFile; fileRef = 8599C5C7173F82B200972DAB /* AFHTTPRequestOperation.m */; };
		8599C5D9173F82B200972DAB /* AFImageRequestOperation.m in Sources */ = {isa = PBXBuildFile; fileRef = 8599C5C9173F82B200972DAB /* AFImageRequestOperation.m */; };
		8599C5DA173F82B200972DAB /* AFJSONRequestOperation.m in Sources */ = {isa = PBXBuildFile; fileRef = 8599C5CB173F82B200972DAB /* AFJSONRequestOperation.m */; };
		8599C5DB173F82B200972DAB /* AFNetworkActivityIndicatorManager.m in Sources */ = {isa = PBXBuildFile; fileRef = 8599C5CD173F82B200972DAB /* AFNetworkActivityIndicatorManager.m */; };
		8599C5DC173F82B200972DAB /* AFPropertyListRequestOperation.m in Sources */ = {isa = PBXBuildFile; fileRef = 8599C5D0173F82B200972DAB /* AFPropertyListRequestOperation.m */; };
		8599C5DD173F82B200972DAB /* AFURLConnectionOperation.m in Sources */ = {isa = PBXBuildFile; fileRef = 8599C5D2173F82B200972DAB /* AFURLConnectionOperation.m */; };
		8599C5DE173F82B200972DAB /* AFXMLRequestOperation.m in Sources */ = {isa = PBXBuildFile; fileRef = 8599C5D4173F82B200972DAB /* AFXMLRequestOperation.m */; };
		8599C5DF173F82B200972DAB /* UIImageView+AFNetworking.m in Sources */ = {isa = PBXBuildFile; fileRef = 8599C5D6173F82B200972DAB /* UIImageView+AFNetworking.m */; };
		8599C5E1173F82C600972DAB /* SystemConfiguration.framework in Frameworks */ = {isa = PBXBuildFile; fileRef = 8599C5E0173F82C600972DAB /* SystemConfiguration.framework */; };
		8599C5E3173F82D100972DAB /* MobileCoreServices.framework in Frameworks */ = {isa = PBXBuildFile; fileRef = 8599C5E2173F82D100972DAB /* MobileCoreServices.framework */; };
		8599C5E5173F82E300972DAB /* CoreLocation.framework in Frameworks */ = {isa = PBXBuildFile; fileRef = 8599C5E4173F82E300972DAB /* CoreLocation.framework */; };
		8599C5E8173F831400972DAB /* AnnotationLocation.m in Sources */ = {isa = PBXBuildFile; fileRef = 8599C5E7173F831000972DAB /* AnnotationLocation.m */; };
/* End PBXBuildFile section */

/* Begin PBXFileReference section */
		054B68E2173F4C400030516D /* HomeViewController.xib */ = {isa = PBXFileReference; fileEncoding = 4; lastKnownFileType = file.xib; path = HomeViewController.xib; sourceTree = "<group>"; };
		054B68E4173F4D360030516D /* MapKit.framework */ = {isa = PBXFileReference; lastKnownFileType = wrapper.framework; name = MapKit.framework; path = System/Library/Frameworks/MapKit.framework; sourceTree = SDKROOT; };
		059996A4173F44D5001CD5BB /* ThumbUp.app */ = {isa = PBXFileReference; explicitFileType = wrapper.application; includeInIndex = 0; path = ThumbUp.app; sourceTree = BUILT_PRODUCTS_DIR; };
		059996A7173F44D5001CD5BB /* UIKit.framework */ = {isa = PBXFileReference; lastKnownFileType = wrapper.framework; name = UIKit.framework; path = System/Library/Frameworks/UIKit.framework; sourceTree = SDKROOT; };
		059996A9173F44D5001CD5BB /* Foundation.framework */ = {isa = PBXFileReference; lastKnownFileType = wrapper.framework; name = Foundation.framework; path = System/Library/Frameworks/Foundation.framework; sourceTree = SDKROOT; };
		059996AB173F44D5001CD5BB /* CoreGraphics.framework */ = {isa = PBXFileReference; lastKnownFileType = wrapper.framework; name = CoreGraphics.framework; path = System/Library/Frameworks/CoreGraphics.framework; sourceTree = SDKROOT; };
		059996AF173F44D5001CD5BB /* ThumbUp-Info.plist */ = {isa = PBXFileReference; lastKnownFileType = text.plist.xml; path = "ThumbUp-Info.plist"; sourceTree = "<group>"; };
		059996B1173F44D5001CD5BB /* en */ = {isa = PBXFileReference; lastKnownFileType = text.plist.strings; name = en; path = en.lproj/InfoPlist.strings; sourceTree = "<group>"; };
		059996B3173F44D5001CD5BB /* main.m */ = {isa = PBXFileReference; lastKnownFileType = sourcecode.c.objc; path = main.m; sourceTree = "<group>"; };
		059996B5173F44D5001CD5BB /* ThumbUp-Prefix.pch */ = {isa = PBXFileReference; lastKnownFileType = sourcecode.c.h; path = "ThumbUp-Prefix.pch"; sourceTree = "<group>"; };
		059996B6173F44D5001CD5BB /* AppDelegate.h */ = {isa = PBXFileReference; lastKnownFileType = sourcecode.c.h; path = AppDelegate.h; sourceTree = "<group>"; };
		059996B7173F44D5001CD5BB /* AppDelegate.m */ = {isa = PBXFileReference; lastKnownFileType = sourcecode.c.objc; path = AppDelegate.m; sourceTree = "<group>"; };
		059996B9173F44D5001CD5BB /* Default.png */ = {isa = PBXFileReference; lastKnownFileType = image.png; path = Default.png; sourceTree = "<group>"; };
		059996BB173F44D5001CD5BB /* Default@2x.png */ = {isa = PBXFileReference; lastKnownFileType = image.png; path = "Default@2x.png"; sourceTree = "<group>"; };
		059996BD173F44D5001CD5BB /* Default-568h@2x.png */ = {isa = PBXFileReference; lastKnownFileType = image.png; path = "Default-568h@2x.png"; sourceTree = "<group>"; };
		059996CD173F486A001CD5BB /* DriverDetailViewController.h */ = {isa = PBXFileReference; fileEncoding = 4; lastKnownFileType = sourcecode.c.h; path = DriverDetailViewController.h; sourceTree = "<group>"; };
		059996CE173F486A001CD5BB /* DriverDetailViewController.m */ = {isa = PBXFileReference; fileEncoding = 4; lastKnownFileType = sourcecode.c.objc; path = DriverDetailViewController.m; sourceTree = "<group>"; };
		059996CF173F486A001CD5BB /* DriverDetailViewController.xib */ = {isa = PBXFileReference; fileEncoding = 4; lastKnownFileType = file.xib; path = DriverDetailViewController.xib; sourceTree = "<group>"; };
		059996D0173F486A001CD5BB /* DriverRideModel.h */ = {isa = PBXFileReference; fileEncoding = 4; lastKnownFileType = sourcecode.c.h; path = DriverRideModel.h; sourceTree = "<group>"; };
		059996D1173F486A001CD5BB /* DriverRideModel.m */ = {isa = PBXFileReference; fileEncoding = 4; lastKnownFileType = sourcecode.c.objc; path = DriverRideModel.m; sourceTree = "<group>"; };
		059996D2173F486A001CD5BB /* DriverViewController.h */ = {isa = PBXFileReference; fileEncoding = 4; lastKnownFileType = sourcecode.c.h; path = DriverViewController.h; sourceTree = "<group>"; };
		059996D3173F486A001CD5BB /* DriverViewController.m */ = {isa = PBXFileReference; fileEncoding = 4; lastKnownFileType = sourcecode.c.objc; path = DriverViewController.m; sourceTree = "<group>"; };
		059996D4173F486A001CD5BB /* DriverViewController.xib */ = {isa = PBXFileReference; fileEncoding = 4; lastKnownFileType = file.xib; path = DriverViewController.xib; sourceTree = "<group>"; };
		059996DA173F48A7001CD5BB /* HomeViewController.h */ = {isa = PBXFileReference; fileEncoding = 4; lastKnownFileType = sourcecode.c.h; path = HomeViewController.h; sourceTree = "<group>"; };
		059996DB173F48A7001CD5BB /* HomeViewController.m */ = {isa = PBXFileReference; fileEncoding = 4; lastKnownFileType = sourcecode.c.objc; path = HomeViewController.m; sourceTree = "<group>"; };
		059996DC173F48A7001CD5BB /* OnthegoViewController.h */ = {isa = PBXFileReference; fileEncoding = 4; lastKnownFileType = sourcecode.c.h; path = OnthegoViewController.h; sourceTree = "<group>"; };
		059996DD173F48A7001CD5BB /* OnthegoViewController.m */ = {isa = PBXFileReference; fileEncoding = 4; lastKnownFileType = sourcecode.c.objc; path = OnthegoViewController.m; sourceTree = "<group>"; };
		059996DE173F48A7001CD5BB /* OnthegoViewController.xib */ = {isa = PBXFileReference; fileEncoding = 4; lastKnownFileType = file.xib; path = OnthegoViewController.xib; sourceTree = "<group>"; };
		059996DF173F48A7001CD5BB /* RideEventModel.h */ = {isa = PBXFileReference; fileEncoding = 4; lastKnownFileType = sourcecode.c.h; path = RideEventModel.h; sourceTree = "<group>"; };
		059996E0173F48A7001CD5BB /* RideEventModel.m */ = {isa = PBXFileReference; fileEncoding = 4; lastKnownFileType = sourcecode.c.objc; path = RideEventModel.m; sourceTree = "<group>"; };
		059996E1173F48A7001CD5BB /* RideEventTableViewCell.h */ = {isa = PBXFileReference; fileEncoding = 4; lastKnownFileType = sourcecode.c.h; path = RideEventTableViewCell.h; sourceTree = "<group>"; };
		059996E2173F48A7001CD5BB /* RideEventTableViewCell.m */ = {isa = PBXFileReference; fileEncoding = 4; lastKnownFileType = sourcecode.c.objc; path = RideEventTableViewCell.m; sourceTree = "<group>"; };
		059996E3173F48A7001CD5BB /* RideEventTableViewCell.xib */ = {isa = PBXFileReference; fileEncoding = 4; lastKnownFileType = file.xib; path = RideEventTableViewCell.xib; sourceTree = "<group>"; };
		059996E4173F48A7001CD5BB /* RoutesViewController.h */ = {isa = PBXFileReference; fileEncoding = 4; lastKnownFileType = sourcecode.c.h; path = RoutesViewController.h; sourceTree = "<group>"; };
		059996E5173F48A7001CD5BB /* RoutesViewController.m */ = {isa = PBXFileReference; fileEncoding = 4; lastKnownFileType = sourcecode.c.objc; path = RoutesViewController.m; sourceTree = "<group>"; };
		059996E6173F48A8001CD5BB /* RoutesViewController.xib */ = {isa = PBXFileReference; fileEncoding = 4; lastKnownFileType = file.xib; path = RoutesViewController.xib; sourceTree = "<group>"; };
		8599C5C4173F82B200972DAB /* AFHTTPClient.h */ = {isa = PBXFileReference; fileEncoding = 4; lastKnownFileType = sourcecode.c.h; path = AFHTTPClient.h; sourceTree = "<group>"; };
		8599C5C5173F82B200972DAB /* AFHTTPClient.m */ = {isa = PBXFileReference; fileEncoding = 4; lastKnownFileType = sourcecode.c.objc; path = AFHTTPClient.m; sourceTree = "<group>"; };
		8599C5C6173F82B200972DAB /* AFHTTPRequestOperation.h */ = {isa = PBXFileReference; fileEncoding = 4; lastKnownFileType = sourcecode.c.h; path = AFHTTPRequestOperation.h; sourceTree = "<group>"; };
		8599C5C7173F82B200972DAB /* AFHTTPRequestOperation.m */ = {isa = PBXFileReference; fileEncoding = 4; lastKnownFileType = sourcecode.c.objc; path = AFHTTPRequestOperation.m; sourceTree = "<group>"; };
		8599C5C8173F82B200972DAB /* AFImageRequestOperation.h */ = {isa = PBXFileReference; fileEncoding = 4; lastKnownFileType = sourcecode.c.h; path = AFImageRequestOperation.h; sourceTree = "<group>"; };
		8599C5C9173F82B200972DAB /* AFImageRequestOperation.m */ = {isa = PBXFileReference; fileEncoding = 4; lastKnownFileType = sourcecode.c.objc; path = AFImageRequestOperation.m; sourceTree = "<group>"; };
		8599C5CA173F82B200972DAB /* AFJSONRequestOperation.h */ = {isa = PBXFileReference; fileEncoding = 4; lastKnownFileType = sourcecode.c.h; path = AFJSONRequestOperation.h; sourceTree = "<group>"; };
		8599C5CB173F82B200972DAB /* AFJSONRequestOperation.m */ = {isa = PBXFileReference; fileEncoding = 4; lastKnownFileType = sourcecode.c.objc; path = AFJSONRequestOperation.m; sourceTree = "<group>"; };
		8599C5CC173F82B200972DAB /* AFNetworkActivityIndicatorManager.h */ = {isa = PBXFileReference; fileEncoding = 4; lastKnownFileType = sourcecode.c.h; path = AFNetworkActivityIndicatorManager.h; sourceTree = "<group>"; };
		8599C5CD173F82B200972DAB /* AFNetworkActivityIndicatorManager.m */ = {isa = PBXFileReference; fileEncoding = 4; lastKnownFileType = sourcecode.c.objc; path = AFNetworkActivityIndicatorManager.m; sourceTree = "<group>"; };
		8599C5CE173F82B200972DAB /* AFNetworking.h */ = {isa = PBXFileReference; fileEncoding = 4; lastKnownFileType = sourcecode.c.h; path = AFNetworking.h; sourceTree = "<group>"; };
		8599C5CF173F82B200972DAB /* AFPropertyListRequestOperation.h */ = {isa = PBXFileReference; fileEncoding = 4; lastKnownFileType = sourcecode.c.h; path = AFPropertyListRequestOperation.h; sourceTree = "<group>"; };
		8599C5D0173F82B200972DAB /* AFPropertyListRequestOperation.m */ = {isa = PBXFileReference; fileEncoding = 4; lastKnownFileType = sourcecode.c.objc; path = AFPropertyListRequestOperation.m; sourceTree = "<group>"; };
		8599C5D1173F82B200972DAB /* AFURLConnectionOperation.h */ = {isa = PBXFileReference; fileEncoding = 4; lastKnownFileType = sourcecode.c.h; path = AFURLConnectionOperation.h; sourceTree = "<group>"; };
		8599C5D2173F82B200972DAB /* AFURLConnectionOperation.m */ = {isa = PBXFileReference; fileEncoding = 4; lastKnownFileType = sourcecode.c.objc; path = AFURLConnectionOperation.m; sourceTree = "<group>"; };
		8599C5D3173F82B200972DAB /* AFXMLRequestOperation.h */ = {isa = PBXFileReference; fileEncoding = 4; lastKnownFileType = sourcecode.c.h; path = AFXMLRequestOperation.h; sourceTree = "<group>"; };
		8599C5D4173F82B200972DAB /* AFXMLRequestOperation.m */ = {isa = PBXFileReference; fileEncoding = 4; lastKnownFileType = sourcecode.c.objc; path = AFXMLRequestOperation.m; sourceTree = "<group>"; };
		8599C5D5173F82B200972DAB /* UIImageView+AFNetworking.h */ = {isa = PBXFileReference; fileEncoding = 4; lastKnownFileType = sourcecode.c.h; path = "UIImageView+AFNetworking.h"; sourceTree = "<group>"; };
		8599C5D6173F82B200972DAB /* UIImageView+AFNetworking.m */ = {isa = PBXFileReference; fileEncoding = 4; lastKnownFileType = sourcecode.c.objc; path = "UIImageView+AFNetworking.m"; sourceTree = "<group>"; };
		8599C5E0173F82C600972DAB /* SystemConfiguration.framework */ = {isa = PBXFileReference; lastKnownFileType = wrapper.framework; name = SystemConfiguration.framework; path = System/Library/Frameworks/SystemConfiguration.framework; sourceTree = SDKROOT; };
		8599C5E2173F82D100972DAB /* MobileCoreServices.framework */ = {isa = PBXFileReference; lastKnownFileType = wrapper.framework; name = MobileCoreServices.framework; path = System/Library/Frameworks/MobileCoreServices.framework; sourceTree = SDKROOT; };
		8599C5E4173F82E300972DAB /* CoreLocation.framework */ = {isa = PBXFileReference; lastKnownFileType = wrapper.framework; name = CoreLocation.framework; path = System/Library/Frameworks/CoreLocation.framework; sourceTree = SDKROOT; };
		8599C5E6173F831000972DAB /* AnnotationLocation.h */ = {isa = PBXFileReference; lastKnownFileType = sourcecode.c.h; path = AnnotationLocation.h; sourceTree = "<group>"; };
		8599C5E7173F831000972DAB /* AnnotationLocation.m */ = {isa = PBXFileReference; lastKnownFileType = sourcecode.c.objc; path = AnnotationLocation.m; sourceTree = "<group>"; };
/* End PBXFileReference section */

/* Begin PBXFrameworksBuildPhase section */
		059996A1173F44D5001CD5BB /* Frameworks */ = {
			isa = PBXFrameworksBuildPhase;
			buildActionMask = 2147483647;
			files = (
				8599C5E5173F82E300972DAB /* CoreLocation.framework in Frameworks */,
				8599C5E3173F82D100972DAB /* MobileCoreServices.framework in Frameworks */,
				8599C5E1173F82C600972DAB /* SystemConfiguration.framework in Frameworks */,
				054B68E5173F4D360030516D /* MapKit.framework in Frameworks */,
				059996A8173F44D5001CD5BB /* UIKit.framework in Frameworks */,
				059996AA173F44D5001CD5BB /* Foundation.framework in Frameworks */,
				059996AC173F44D5001CD5BB /* CoreGraphics.framework in Frameworks */,
			);
			runOnlyForDeploymentPostprocessing = 0;
		};
/* End PBXFrameworksBuildPhase section */

/* Begin PBXGroup section */
		0599969B173F44D5001CD5BB = {
			isa = PBXGroup;
			children = (
				059996AD173F44D5001CD5BB /* ThumbUp */,
				059996A6173F44D5001CD5BB /* Frameworks */,
				059996A5173F44D5001CD5BB /* Products */,
			);
			sourceTree = "<group>";
		};
		059996A5173F44D5001CD5BB /* Products */ = {
			isa = PBXGroup;
			children = (
				059996A4173F44D5001CD5BB /* ThumbUp.app */,
			);
			name = Products;
			sourceTree = "<group>";
		};
		059996A6173F44D5001CD5BB /* Frameworks */ = {
			isa = PBXGroup;
			children = (
				8599C5E4173F82E300972DAB /* CoreLocation.framework */,
				8599C5E2173F82D100972DAB /* MobileCoreServices.framework */,
				8599C5E0173F82C600972DAB /* SystemConfiguration.framework */,
				054B68E4173F4D360030516D /* MapKit.framework */,
				059996A7173F44D5001CD5BB /* UIKit.framework */,
				059996A9173F44D5001CD5BB /* Foundation.framework */,
				059996AB173F44D5001CD5BB /* CoreGraphics.framework */,
			);
			name = Frameworks;
			sourceTree = "<group>";
		};
		059996AD173F44D5001CD5BB /* ThumbUp */ = {
			isa = PBXGroup;
			children = (
				8599C5C2173F82A600972DAB /* Libraries */,
				059996CC173F4713001CD5BB /* Model */,
				059996CB173F470B001CD5BB /* Views */,
				059996CA173F46FB001CD5BB /* Controllers */,
				059996B6173F44D5001CD5BB /* AppDelegate.h */,
				059996B7173F44D5001CD5BB /* AppDelegate.m */,
				059996AE173F44D5001CD5BB /* Supporting Files */,
			);
			path = ThumbUp;
			sourceTree = "<group>";
		};
		059996AE173F44D5001CD5BB /* Supporting Files */ = {
			isa = PBXGroup;
			children = (
				059996AF173F44D5001CD5BB /* ThumbUp-Info.plist */,
				059996B0173F44D5001CD5BB /* InfoPlist.strings */,
				059996B3173F44D5001CD5BB /* main.m */,
				059996B5173F44D5001CD5BB /* ThumbUp-Prefix.pch */,
				059996B9173F44D5001CD5BB /* Default.png */,
				059996BB173F44D5001CD5BB /* Default@2x.png */,
				059996BD173F44D5001CD5BB /* Default-568h@2x.png */,
			);
			name = "Supporting Files";
			sourceTree = "<group>";
		};
		059996CA173F46FB001CD5BB /* Controllers */ = {
			isa = PBXGroup;
			children = (
				054B68E2173F4C400030516D /* HomeViewController.xib */,
				059996E4173F48A7001CD5BB /* RoutesViewController.h */,
				059996E5173F48A7001CD5BB /* RoutesViewController.m */,
				059996E6173F48A8001CD5BB /* RoutesViewController.xib */,
				059996DC173F48A7001CD5BB /* OnthegoViewController.h */,
				059996DD173F48A7001CD5BB /* OnthegoViewController.m */,
				059996DE173F48A7001CD5BB /* OnthegoViewController.xib */,
				059996DA173F48A7001CD5BB /* HomeViewController.h */,
				059996DB173F48A7001CD5BB /* HomeViewController.m */,
				059996D2173F486A001CD5BB /* DriverViewController.h */,
				059996D3173F486A001CD5BB /* DriverViewController.m */,
				059996D4173F486A001CD5BB /* DriverViewController.xib */,
				059996CD173F486A001CD5BB /* DriverDetailViewController.h */,
				059996CE173F486A001CD5BB /* DriverDetailViewController.m */,
				059996CF173F486A001CD5BB /* DriverDetailViewController.xib */,
			);
			name = Controllers;
			sourceTree = "<group>";
		};
		059996CB173F470B001CD5BB /* Views */ = {
			isa = PBXGroup;
			children = (
				8599C5E6173F831000972DAB /* AnnotationLocation.h */,
				8599C5E7173F831000972DAB /* AnnotationLocation.m */,
				059996E1173F48A7001CD5BB /* RideEventTableViewCell.h */,
				059996E2173F48A7001CD5BB /* RideEventTableViewCell.m */,
				059996E3173F48A7001CD5BB /* RideEventTableViewCell.xib */,
			);
			name = Views;
			sourceTree = "<group>";
		};
		059996CC173F4713001CD5BB /* Model */ = {
			isa = PBXGroup;
			children = (
				059996DF173F48A7001CD5BB /* RideEventModel.h */,
				059996E0173F48A7001CD5BB /* RideEventModel.m */,
				059996D0173F486A001CD5BB /* DriverRideModel.h */,
				059996D1173F486A001CD5BB /* DriverRideModel.m */,
			);
			name = Model;
			sourceTree = "<group>";
		};
		8599C5C2173F82A600972DAB /* Libraries */ = {
			isa = PBXGroup;
			children = (
				8599C5C3173F82B200972DAB /* AFNetworking */,
			);
			name = Libraries;
			sourceTree = "<group>";
		};
		8599C5C3173F82B200972DAB /* AFNetworking */ = {
			isa = PBXGroup;
			children = (
				8599C5C4173F82B200972DAB /* AFHTTPClient.h */,
				8599C5C5173F82B200972DAB /* AFHTTPClient.m */,
				8599C5C6173F82B200972DAB /* AFHTTPRequestOperation.h */,
				8599C5C7173F82B200972DAB /* AFHTTPRequestOperation.m */,
				8599C5C8173F82B200972DAB /* AFImageRequestOperation.h */,
				8599C5C9173F82B200972DAB /* AFImageRequestOperation.m */,
				8599C5CA173F82B200972DAB /* AFJSONRequestOperation.h */,
				8599C5CB173F82B200972DAB /* AFJSONRequestOperation.m */,
				8599C5CC173F82B200972DAB /* AFNetworkActivityIndicatorManager.h */,
				8599C5CD173F82B200972DAB /* AFNetworkActivityIndicatorManager.m */,
				8599C5CE173F82B200972DAB /* AFNetworking.h */,
				8599C5CF173F82B200972DAB /* AFPropertyListRequestOperation.h */,
				8599C5D0173F82B200972DAB /* AFPropertyListRequestOperation.m */,
				8599C5D1173F82B200972DAB /* AFURLConnectionOperation.h */,
				8599C5D2173F82B200972DAB /* AFURLConnectionOperation.m */,
				8599C5D3173F82B200972DAB /* AFXMLRequestOperation.h */,
				8599C5D4173F82B200972DAB /* AFXMLRequestOperation.m */,
				8599C5D5173F82B200972DAB /* UIImageView+AFNetworking.h */,
				8599C5D6173F82B200972DAB /* UIImageView+AFNetworking.m */,
			);
			path = AFNetworking;
			sourceTree = "<group>";
		};
/* End PBXGroup section */

/* Begin PBXNativeTarget section */
		059996A3173F44D5001CD5BB /* ThumbUp */ = {
			isa = PBXNativeTarget;
			buildConfigurationList = 059996C7173F44D5001CD5BB /* Build configuration list for PBXNativeTarget "ThumbUp" */;
			buildPhases = (
				059996A0173F44D5001CD5BB /* Sources */,
				059996A1173F44D5001CD5BB /* Frameworks */,
				059996A2173F44D5001CD5BB /* Resources */,
			);
			buildRules = (
			);
			dependencies = (
			);
			name = ThumbUp;
			productName = ThumbUp;
			productReference = 059996A4173F44D5001CD5BB /* ThumbUp.app */;
			productType = "com.apple.product-type.application";
		};
/* End PBXNativeTarget section */

/* Begin PBXProject section */
		0599969C173F44D5001CD5BB /* Project object */ = {
			isa = PBXProject;
			attributes = {
				LastUpgradeCheck = 0460;
				ORGANIZATIONNAME = AngelHack;
			};
			buildConfigurationList = 0599969F173F44D5001CD5BB /* Build configuration list for PBXProject "ThumbUp" */;
			compatibilityVersion = "Xcode 3.2";
			developmentRegion = English;
			hasScannedForEncodings = 0;
			knownRegions = (
				en,
			);
			mainGroup = 0599969B173F44D5001CD5BB;
			productRefGroup = 059996A5173F44D5001CD5BB /* Products */;
			projectDirPath = "";
			projectRoot = "";
			targets = (
				059996A3173F44D5001CD5BB /* ThumbUp */,
			);
		};
/* End PBXProject section */

/* Begin PBXResourcesBuildPhase section */
		059996A2173F44D5001CD5BB /* Resources */ = {
			isa = PBXResourcesBuildPhase;
			buildActionMask = 2147483647;
			files = (
				059996B2173F44D5001CD5BB /* InfoPlist.strings in Resources */,
				059996BA173F44D5001CD5BB /* Default.png in Resources */,
				059996BC173F44D5001CD5BB /* Default@2x.png in Resources */,
				059996BE173F44D5001CD5BB /* Default-568h@2x.png in Resources */,
				059996D6173F486A001CD5BB /* DriverDetailViewController.xib in Resources */,
				059996D9173F486A001CD5BB /* DriverViewController.xib in Resources */,
				059996E9173F48A8001CD5BB /* OnthegoViewController.xib in Resources */,
				059996EC173F48A8001CD5BB /* RideEventTableViewCell.xib in Resources */,
				059996EE173F48A8001CD5BB /* RoutesViewController.xib in Resources */,
				054B68E3173F4C400030516D /* HomeViewController.xib in Resources */,
			);
			runOnlyForDeploymentPostprocessing = 0;
		};
/* End PBXResourcesBuildPhase section */

/* Begin PBXSourcesBuildPhase section */
		059996A0173F44D5001CD5BB /* Sources */ = {
			isa = PBXSourcesBuildPhase;
			buildActionMask = 2147483647;
			files = (
				059996B4173F44D5001CD5BB /* main.m in Sources */,
				059996B8173F44D5001CD5BB /* AppDelegate.m in Sources */,
				059996D5173F486A001CD5BB /* DriverDetailViewController.m in Sources */,
				059996D7173F486A001CD5BB /* DriverRideModel.m in Sources */,
				059996D8173F486A001CD5BB /* DriverViewController.m in Sources */,
				059996E7173F48A8001CD5BB /* HomeViewController.m in Sources */,
				059996E8173F48A8001CD5BB /* OnthegoViewController.m in Sources */,
				059996EA173F48A8001CD5BB /* RideEventModel.m in Sources */,
				059996EB173F48A8001CD5BB /* RideEventTableViewCell.m in Sources */,
				059996ED173F48A8001CD5BB /* RoutesViewController.m in Sources */,
				8599C5D7173F82B200972DAB /* AFHTTPClient.m in Sources */,
				8599C5D8173F82B200972DAB /* AFHTTPRequestOperation.m in Sources */,
				8599C5D9173F82B200972DAB /* AFImageRequestOperation.m in Sources */,
				8599C5DA173F82B200972DAB /* AFJSONRequestOperation.m in Sources */,
				8599C5DB173F82B200972DAB /* AFNetworkActivityIndicatorManager.m in Sources */,
				8599C5DC173F82B200972DAB /* AFPropertyListRequestOperation.m in Sources */,
				8599C5DD173F82B200972DAB /* AFURLConnectionOperation.m in Sources */,
				8599C5DE173F82B200972DAB /* AFXMLRequestOperation.m in Sources */,
				8599C5DF173F82B200972DAB /* UIImageView+AFNetworking.m in Sources */,
				8599C5E8173F831400972DAB /* AnnotationLocation.m in Sources */,
			);
			runOnlyForDeploymentPostprocessing = 0;
		};
/* End PBXSourcesBuildPhase section */

/* Begin PBXVariantGroup section */
		059996B0173F44D5001CD5BB /* InfoPlist.strings */ = {
			isa = PBXVariantGroup;
			children = (
				059996B1173F44D5001CD5BB /* en */,
			);
			name = InfoPlist.strings;
			sourceTree = "<group>";
		};
/* End PBXVariantGroup section */

/* Begin XCBuildConfiguration section */
		059996C5173F44D5001CD5BB /* Debug */ = {
			isa = XCBuildConfiguration;
			buildSettings = {
				ALWAYS_SEARCH_USER_PATHS = NO;
				CLANG_CXX_LANGUAGE_STANDARD = "gnu++0x";
				CLANG_CXX_LIBRARY = "libc++";
				CLANG_ENABLE_OBJC_ARC = YES;
				CLANG_WARN_CONSTANT_CONVERSION = YES;
				CLANG_WARN_EMPTY_BODY = YES;
				CLANG_WARN_ENUM_CONVERSION = YES;
				CLANG_WARN_INT_CONVERSION = YES;
				CLANG_WARN__DUPLICATE_METHOD_MATCH = YES;
				"CODE_SIGN_IDENTITY[sdk=iphoneos*]" = "iPhone Developer";
				COPY_PHASE_STRIP = NO;
				GCC_C_LANGUAGE_STANDARD = gnu99;
				GCC_DYNAMIC_NO_PIC = NO;
				GCC_OPTIMIZATION_LEVEL = 0;
				GCC_PREPROCESSOR_DEFINITIONS = (
					"DEBUG=1",
					"$(inherited)",
				);
				GCC_SYMBOLS_PRIVATE_EXTERN = NO;
				GCC_WARN_ABOUT_RETURN_TYPE = YES;
				GCC_WARN_UNINITIALIZED_AUTOS = YES;
				GCC_WARN_UNUSED_VARIABLE = YES;
				IPHONEOS_DEPLOYMENT_TARGET = 6.1;
				ONLY_ACTIVE_ARCH = YES;
				SDKROOT = iphoneos;
			};
			name = Debug;
		};
		059996C6173F44D5001CD5BB /* Release */ = {
			isa = XCBuildConfiguration;
			buildSettings = {
				ALWAYS_SEARCH_USER_PATHS = NO;
				CLANG_CXX_LANGUAGE_STANDARD = "gnu++0x";
				CLANG_CXX_LIBRARY = "libc++";
				CLANG_ENABLE_OBJC_ARC = YES;
				CLANG_WARN_CONSTANT_CONVERSION = YES;
				CLANG_WARN_EMPTY_BODY = YES;
				CLANG_WARN_ENUM_CONVERSION = YES;
				CLANG_WARN_INT_CONVERSION = YES;
				CLANG_WARN__DUPLICATE_METHOD_MATCH = YES;
				"CODE_SIGN_IDENTITY[sdk=iphoneos*]" = "iPhone Developer";
				COPY_PHASE_STRIP = YES;
				GCC_C_LANGUAGE_STANDARD = gnu99;
				GCC_WARN_ABOUT_RETURN_TYPE = YES;
				GCC_WARN_UNINITIALIZED_AUTOS = YES;
				GCC_WARN_UNUSED_VARIABLE = YES;
				IPHONEOS_DEPLOYMENT_TARGET = 6.1;
				OTHER_CFLAGS = "-DNS_BLOCK_ASSERTIONS=1";
				SDKROOT = iphoneos;
				VALIDATE_PRODUCT = YES;
			};
			name = Release;
		};
		059996C8173F44D5001CD5BB /* Debug */ = {
			isa = XCBuildConfiguration;
			buildSettings = {
				GCC_PRECOMPILE_PREFIX_HEADER = YES;
				GCC_PREFIX_HEADER = "ThumbUp/ThumbUp-Prefix.pch";
				INFOPLIST_FILE = "ThumbUp/ThumbUp-Info.plist";
				PRODUCT_NAME = "$(TARGET_NAME)";
				WRAPPER_EXTENSION = app;
			};
			name = Debug;
		};
		059996C9173F44D5001CD5BB /* Release */ = {
			isa = XCBuildConfiguration;
			buildSettings = {
				GCC_PRECOMPILE_PREFIX_HEADER = YES;
				GCC_PREFIX_HEADER = "ThumbUp/ThumbUp-Prefix.pch";
				INFOPLIST_FILE = "ThumbUp/ThumbUp-Info.plist";
				PRODUCT_NAME = "$(TARGET_NAME)";
				WRAPPER_EXTENSION = app;
			};
			name = Release;
		};
/* End XCBuildConfiguration section */

/* Begin XCConfigurationList section */
		0599969F173F44D5001CD5BB /* Build configuration list for PBXProject "ThumbUp" */ = {
			isa = XCConfigurationList;
			buildConfigurations = (
				059996C5173F44D5001CD5BB /* Debug */,
				059996C6173F44D5001CD5BB /* Release */,
			);
			defaultConfigurationIsVisible = 0;
			defaultConfigurationName = Release;
		};
		059996C7173F44D5001CD5BB /* Build configuration list for PBXNativeTarget "ThumbUp" */ = {
			isa = XCConfigurationList;
			buildConfigurations = (
				059996C8173F44D5001CD5BB /* Debug */,
				059996C9173F44D5001CD5BB /* Release */,
			);
			defaultConfigurationIsVisible = 0;
			defaultConfigurationName = Release;
		};
/* End XCConfigurationList section */
	};
	rootObject = 0599969C173F44D5001CD5BB /* Project object */;
}
